
Microsoft Visual Studio Solution File, Format Version 12.00
# Visual Studio Version 17
VisualStudioVersion = 17.10.35013.160
MinimumVisualStudioVersion = 10.0.40219.1
Project("{FAE04EC0-301F-11D3-BF4B-00C04F79EFBC}") = "ThaiThanhNhat_Buoi1_NhapdaysoTinhtong", "ThaiThanhNhat_Buoi1_NhapdaysoTinhtong.csproj", "{0843E293-0E67-46C5-83AE-A7B17A286B7A}"
EndProject
Global
	GlobalSection(SolutionConfigurationPlatforms) = preSolution
		Debug|Any CPU = Debug|Any CPU
		Release|Any CPU = Release|Any CPU
	EndGlobalSection
	GlobalSection(ProjectConfigurationPlatforms) = postSolution
		{0843E293-0E67-46C5-83AE-A7B17A286B7A}.Debug|Any CPU.ActiveCfg = Debug|Any CPU
		{0843E293-0E67-46C5-83AE-A7B17A286B7A}.Debug|Any CPU.Build.0 = Debug|Any CPU
		{0843E293-0E67-46C5-83AE-A7B17A286B7A}.Release|Any CPU.ActiveCfg = Release|Any CPU
		{0843E293-0E67-46C5-83AE-A7B17A286B7A}.Release|Any CPU.Build.0 = Release|Any CPU
	EndGlobalSection
	GlobalSection(SolutionProperties) = preSolution
		HideSolutionNode = FALSE
	EndGlobalSection
	GlobalSection(ExtensibilityGlobals) = postSolution
		SolutionGuid = {DB92C60E-D35A-47EA-9F70-6340EC704BD9}
	EndGlobalSection
EndGlobal
